
Microsoft Visual Studio Solution File, Format Version 12.00
# Visual Studio 15
VisualStudioVersion = 15.0.26730.16
MinimumVisualStudioVersion = 10.0.40219.1
Project("{FAE04EC0-301F-11D3-BF4B-00C04F79EFBC}") = "PapaBobs.Domain", "PapaBobs.Domain\PapaBobs.Domain.csproj", "{CC4E4E71-346D-408F-8202-DD3AADDA9B9F}"
EndProject
Project("{FAE04EC0-301F-11D3-BF4B-00C04F79EFBC}") = "PapaBobs.DTO", "PapaBobs.DTO\PapaBobs.DTO.csproj", "{866DF5D0-4364-4968-B9A5-4460CD0785C6}"
EndProject
Project("{FAE04EC0-301F-11D3-BF4B-00C04F79EFBC}") = "PapaBobs.Persistence", "PapaBobs.Persistence\PapaBobs.Persistence.csproj", "{A3BFC9FC-92FF-4FA2-BD3E-54EC2B606A2E}"
EndProject
Project("{FAE04EC0-301F-11D3-BF4B-00C04F79EFBC}") = "PapaBobs.Web", "PapaBobs.Web\PapaBobs.Web.csproj", "{90616E2B-591C-41FB-A11E-DB93515A9CF2}"
EndProject
Global
	GlobalSection(SolutionConfigurationPlatforms) = preSolution
		Debug|Any CPU = Debug|Any CPU
		Release|Any CPU = Release|Any CPU
	EndGlobalSection
	GlobalSection(ProjectConfigurationPlatforms) = postSolution
		{CC4E4E71-346D-408F-8202-DD3AADDA9B9F}.Debug|Any CPU.ActiveCfg = Debug|Any CPU
		{CC4E4E71-346D-408F-8202-DD3AADDA9B9F}.Debug|Any CPU.Build.0 = Debug|Any CPU
		{CC4E4E71-346D-408F-8202-DD3AADDA9B9F}.Release|Any CPU.ActiveCfg = Release|Any CPU
		{CC4E4E71-346D-408F-8202-DD3AADDA9B9F}.Release|Any CPU.Build.0 = Release|Any CPU
		{866DF5D0-4364-4968-B9A5-4460CD0785C6}.Debug|Any CPU.ActiveCfg = Debug|Any CPU
		{866DF5D0-4364-4968-B9A5-4460CD0785C6}.Debug|Any CPU.Build.0 = Debug|Any CPU
		{866DF5D0-4364-4968-B9A5-4460CD0785C6}.Release|Any CPU.ActiveCfg = Release|Any CPU
		{866DF5D0-4364-4968-B9A5-4460CD0785C6}.Release|Any CPU.Build.0 = Release|Any CPU
		{A3BFC9FC-92FF-4FA2-BD3E-54EC2B606A2E}.Debug|Any CPU.ActiveCfg = Debug|Any CPU
		{A3BFC9FC-92FF-4FA2-BD3E-54EC2B606A2E}.Debug|Any CPU.Build.0 = Debug|Any CPU
		{A3BFC9FC-92FF-4FA2-BD3E-54EC2B606A2E}.Release|Any CPU.ActiveCfg = Release|Any CPU
		{A3BFC9FC-92FF-4FA2-BD3E-54EC2B606A2E}.Release|Any CPU.Build.0 = Release|Any CPU
		{90616E2B-591C-41FB-A11E-DB93515A9CF2}.Debug|Any CPU.ActiveCfg = Debug|Any CPU
		{90616E2B-591C-41FB-A11E-DB93515A9CF2}.Debug|Any CPU.Build.0 = Debug|Any CPU
		{90616E2B-591C-41FB-A11E-DB93515A9CF2}.Release|Any CPU.ActiveCfg = Release|Any CPU
		{90616E2B-591C-41FB-A11E-DB93515A9CF2}.Release|Any CPU.Build.0 = Release|Any CPU
	EndGlobalSection
	GlobalSection(SolutionProperties) = preSolution
		HideSolutionNode = FALSE
	EndGlobalSection
	GlobalSection(ExtensibilityGlobals) = postSolution
		SolutionGuid = {D666988C-02BF-4A74-A46C-F163BD3420FD}
	EndGlobalSection
EndGlobal
